
Microsoft Visual Studio Solution File, Format Version 12.00
# Visual Studio Version 17
VisualStudioVersion = 17.0.31903.59
MinimumVisualStudioVersion = 10.0.40219.1
Project("{2150E333-8FDC-42A3-9474-1A3956D46DE8}") = "src", "src", "{0493D84C-E10A-4A19-A3BA-04F5D2B4C5F1}"
EndProject
Project("{FAE04EC0-301F-11D3-BF4B-00C04F79EFBC}") = "Ooze.Query", "src\Ooze.Query\Ooze.Query.csproj", "{A3D53E8D-F1B5-4719-8EFD-0BFF9A159C5C}"
EndProject
Project("{2150E333-8FDC-42A3-9474-1A3956D46DE8}") = "tests", "tests", "{C87F801D-24E9-4A43-9A94-AB70D9B54B5A}"
EndProject
Project("{FAE04EC0-301F-11D3-BF4B-00C04F79EFBC}") = "Ooze.Query.Tests", "tests\Ooze.Query.Tests\Ooze.Query.Tests.csproj", "{EDFB9DB0-99F3-493F-90FA-23BE4D7079A1}"
EndProject
Global
	GlobalSection(SolutionConfigurationPlatforms) = preSolution
		Debug|Any CPU = Debug|Any CPU
		Release|Any CPU = Release|Any CPU
	EndGlobalSection
	GlobalSection(SolutionProperties) = preSolution
		HideSolutionNode = FALSE
	EndGlobalSection
	GlobalSection(ProjectConfigurationPlatforms) = postSolution
		{A3D53E8D-F1B5-4719-8EFD-0BFF9A159C5C}.Debug|Any CPU.ActiveCfg = Debug|Any CPU
		{A3D53E8D-F1B5-4719-8EFD-0BFF9A159C5C}.Debug|Any CPU.Build.0 = Debug|Any CPU
		{A3D53E8D-F1B5-4719-8EFD-0BFF9A159C5C}.Release|Any CPU.ActiveCfg = Release|Any CPU
		{A3D53E8D-F1B5-4719-8EFD-0BFF9A159C5C}.Release|Any CPU.Build.0 = Release|Any CPU
		{EDFB9DB0-99F3-493F-90FA-23BE4D7079A1}.Debug|Any CPU.ActiveCfg = Debug|Any CPU
		{EDFB9DB0-99F3-493F-90FA-23BE4D7079A1}.Debug|Any CPU.Build.0 = Debug|Any CPU
		{EDFB9DB0-99F3-493F-90FA-23BE4D7079A1}.Release|Any CPU.ActiveCfg = Release|Any CPU
		{EDFB9DB0-99F3-493F-90FA-23BE4D7079A1}.Release|Any CPU.Build.0 = Release|Any CPU
	EndGlobalSection
	GlobalSection(NestedProjects) = preSolution
		{A3D53E8D-F1B5-4719-8EFD-0BFF9A159C5C} = {0493D84C-E10A-4A19-A3BA-04F5D2B4C5F1}
		{EDFB9DB0-99F3-493F-90FA-23BE4D7079A1} = {C87F801D-24E9-4A43-9A94-AB70D9B54B5A}
	EndGlobalSection
EndGlobal
